
Microsoft Visual Studio Solution File, Format Version 12.00
# Visual Studio 15
VisualStudioVersion = 15.0.28307.705
MinimumVisualStudioVersion = 10.0.40219.1
Project("{9A19103F-16F7-4668-BE54-9A1E7A4F7556}") = "AspNetCoreApp", "AspNetCoreApp\AspNetCoreApp.csproj", "{CCEE7BC0-1EE9-40B4-B1AC-A8FF02AB6E16}"
EndProject
Project("{E53339B2-1760-4266-BCC7-CA923CBCF16C}") = "docker-compose", "docker-compose.dcproj", "{7F213116-216A-4806-BC06-08B385986E1F}"
EndProject
Global
	GlobalSection(SolutionConfigurationPlatforms) = preSolution
		Debug|Any CPU = Debug|Any CPU
		Release|Any CPU = Release|Any CPU
	EndGlobalSection
	GlobalSection(ProjectConfigurationPlatforms) = postSolution
		{CCEE7BC0-1EE9-40B4-B1AC-A8FF02AB6E16}.Debug|Any CPU.ActiveCfg = Debug|Any CPU
		{CCEE7BC0-1EE9-40B4-B1AC-A8FF02AB6E16}.Debug|Any CPU.Build.0 = Debug|Any CPU
		{CCEE7BC0-1EE9-40B4-B1AC-A8FF02AB6E16}.Release|Any CPU.ActiveCfg = Release|Any CPU
		{CCEE7BC0-1EE9-40B4-B1AC-A8FF02AB6E16}.Release|Any CPU.Build.0 = Release|Any CPU
		{7F213116-216A-4806-BC06-08B385986E1F}.Debug|Any CPU.ActiveCfg = Debug|Any CPU
		{7F213116-216A-4806-BC06-08B385986E1F}.Debug|Any CPU.Build.0 = Debug|Any CPU
		{7F213116-216A-4806-BC06-08B385986E1F}.Release|Any CPU.ActiveCfg = Release|Any CPU
		{7F213116-216A-4806-BC06-08B385986E1F}.Release|Any CPU.Build.0 = Release|Any CPU
	EndGlobalSection
	GlobalSection(SolutionProperties) = preSolution
		HideSolutionNode = FALSE
	EndGlobalSection
	GlobalSection(ExtensibilityGlobals) = postSolution
		SolutionGuid = {3A349F46-F6F3-49FA-9967-2FD959A4CE67}
	EndGlobalSection
EndGlobal
